
Microsoft Visual Studio Solution File, Format Version 12.00
# Visual Studio Version 16
VisualStudioVersion = 16.0.30804.86
MinimumVisualStudioVersion = 10.0.40219.1
Project("{FAE04EC0-301F-11D3-BF4B-00C04F79EFBC}") = "ZipAndExtract", "ZipAndExtract\ZipAndExtract.csproj", "{6772B538-1229-40D3-953A-F5121497A60F}"
EndProject
Global
	GlobalSection(SolutionConfigurationPlatforms) = preSolution
		Debug|Any CPU = Debug|Any CPU
		Release|Any CPU = Release|Any CPU
	EndGlobalSection
	GlobalSection(ProjectConfigurationPlatforms) = postSolution
		{6772B538-1229-40D3-953A-F5121497A60F}.Debug|Any CPU.ActiveCfg = Debug|Any CPU
		{6772B538-1229-40D3-953A-F5121497A60F}.Debug|Any CPU.Build.0 = Debug|Any CPU
		{6772B538-1229-40D3-953A-F5121497A60F}.Release|Any CPU.ActiveCfg = Release|Any CPU
		{6772B538-1229-40D3-953A-F5121497A60F}.Release|Any CPU.Build.0 = Release|Any CPU
	EndGlobalSection
	GlobalSection(SolutionProperties) = preSolution
		HideSolutionNode = FALSE
	EndGlobalSection
	GlobalSection(ExtensibilityGlobals) = postSolution
		SolutionGuid = {D20EA530-01D9-4231-8046-FF9531D70653}
	EndGlobalSection
EndGlobal
