
Microsoft Visual Studio Solution File, Format Version 12.00
# Visual Studio Version 16
VisualStudioVersion = 16.0.30804.86
MinimumVisualStudioVersion = 10.0.40219.1
Project("{FAE04EC0-301F-11D3-BF4B-00C04F79EFBC}") = "Crossroads", "Crossroads\Crossroads.csproj", "{96DA25DA-041F-494A-BD54-B4609A545DF0}"
EndProject
Global
	GlobalSection(SolutionConfigurationPlatforms) = preSolution
		Debug|Any CPU = Debug|Any CPU
		Release|Any CPU = Release|Any CPU
	EndGlobalSection
	GlobalSection(ProjectConfigurationPlatforms) = postSolution
		{96DA25DA-041F-494A-BD54-B4609A545DF0}.Debug|Any CPU.ActiveCfg = Debug|Any CPU
		{96DA25DA-041F-494A-BD54-B4609A545DF0}.Debug|Any CPU.Build.0 = Debug|Any CPU
		{96DA25DA-041F-494A-BD54-B4609A545DF0}.Release|Any CPU.ActiveCfg = Release|Any CPU
		{96DA25DA-041F-494A-BD54-B4609A545DF0}.Release|Any CPU.Build.0 = Release|Any CPU
	EndGlobalSection
	GlobalSection(SolutionProperties) = preSolution
		HideSolutionNode = FALSE
	EndGlobalSection
	GlobalSection(ExtensibilityGlobals) = postSolution
		SolutionGuid = {AD6CB7EA-E0CD-4748-B0E6-7B9914074F76}
	EndGlobalSection
EndGlobal
