
Microsoft Visual Studio Solution File, Format Version 12.00
# Visual Studio Version 16
VisualStudioVersion = 16.0.30804.86
MinimumVisualStudioVersion = 10.0.40219.1
Project("{FAE04EC0-301F-11D3-BF4B-00C04F79EFBC}") = "CupsAndBottles", "CupsAndBottles\CupsAndBottles.csproj", "{F247343D-D5C4-434A-A78D-97B48231DE76}"
EndProject
Global
	GlobalSection(SolutionConfigurationPlatforms) = preSolution
		Debug|Any CPU = Debug|Any CPU
		Release|Any CPU = Release|Any CPU
	EndGlobalSection
	GlobalSection(ProjectConfigurationPlatforms) = postSolution
		{F247343D-D5C4-434A-A78D-97B48231DE76}.Debug|Any CPU.ActiveCfg = Debug|Any CPU
		{F247343D-D5C4-434A-A78D-97B48231DE76}.Debug|Any CPU.Build.0 = Debug|Any CPU
		{F247343D-D5C4-434A-A78D-97B48231DE76}.Release|Any CPU.ActiveCfg = Release|Any CPU
		{F247343D-D5C4-434A-A78D-97B48231DE76}.Release|Any CPU.Build.0 = Release|Any CPU
	EndGlobalSection
	GlobalSection(SolutionProperties) = preSolution
		HideSolutionNode = FALSE
	EndGlobalSection
	GlobalSection(ExtensibilityGlobals) = postSolution
		SolutionGuid = {E555C89A-5451-4DF0-8861-19A6D0F5D8C5}
	EndGlobalSection
EndGlobal
