
Microsoft Visual Studio Solution File, Format Version 12.00
# Visual Studio Version 16
VisualStudioVersion = 16.0.30804.86
MinimumVisualStudioVersion = 10.0.40219.1
Project("{FAE04EC0-301F-11D3-BF4B-00C04F79EFBC}") = "SnakeMOves", "SnakeMOves\SnakeMOves.csproj", "{6AE24D16-A4FC-4006-B1A5-D65FFBE12656}"
EndProject
Global
	GlobalSection(SolutionConfigurationPlatforms) = preSolution
		Debug|Any CPU = Debug|Any CPU
		Release|Any CPU = Release|Any CPU
	EndGlobalSection
	GlobalSection(ProjectConfigurationPlatforms) = postSolution
		{6AE24D16-A4FC-4006-B1A5-D65FFBE12656}.Debug|Any CPU.ActiveCfg = Debug|Any CPU
		{6AE24D16-A4FC-4006-B1A5-D65FFBE12656}.Debug|Any CPU.Build.0 = Debug|Any CPU
		{6AE24D16-A4FC-4006-B1A5-D65FFBE12656}.Release|Any CPU.ActiveCfg = Release|Any CPU
		{6AE24D16-A4FC-4006-B1A5-D65FFBE12656}.Release|Any CPU.Build.0 = Release|Any CPU
	EndGlobalSection
	GlobalSection(SolutionProperties) = preSolution
		HideSolutionNode = FALSE
	EndGlobalSection
	GlobalSection(ExtensibilityGlobals) = postSolution
		SolutionGuid = {C25FE19B-BEE6-4DCB-B781-6DC87CC2448C}
	EndGlobalSection
EndGlobal
