
Microsoft Visual Studio Solution File, Format Version 12.00
# Visual Studio Version 16
VisualStudioVersion = 16.0.30804.86
MinimumVisualStudioVersion = 10.0.40219.1
Project("{FAE04EC0-301F-11D3-BF4B-00C04F79EFBC}") = "CopyBinaryFile", "CopyBinaryFile\CopyBinaryFile.csproj", "{E1A7CAF2-A4C7-498E-98AA-2381E9872D04}"
EndProject
Global
	GlobalSection(SolutionConfigurationPlatforms) = preSolution
		Debug|Any CPU = Debug|Any CPU
		Release|Any CPU = Release|Any CPU
	EndGlobalSection
	GlobalSection(ProjectConfigurationPlatforms) = postSolution
		{E1A7CAF2-A4C7-498E-98AA-2381E9872D04}.Debug|Any CPU.ActiveCfg = Debug|Any CPU
		{E1A7CAF2-A4C7-498E-98AA-2381E9872D04}.Debug|Any CPU.Build.0 = Debug|Any CPU
		{E1A7CAF2-A4C7-498E-98AA-2381E9872D04}.Release|Any CPU.ActiveCfg = Release|Any CPU
		{E1A7CAF2-A4C7-498E-98AA-2381E9872D04}.Release|Any CPU.Build.0 = Release|Any CPU
	EndGlobalSection
	GlobalSection(SolutionProperties) = preSolution
		HideSolutionNode = FALSE
	EndGlobalSection
	GlobalSection(ExtensibilityGlobals) = postSolution
		SolutionGuid = {DF841414-0EA4-4BFB-AB7F-71018C4E16AF}
	EndGlobalSection
EndGlobal
