
Microsoft Visual Studio Solution File, Format Version 12.00
# Visual Studio Version 16
VisualStudioVersion = 16.0.30804.86
MinimumVisualStudioVersion = 10.0.40219.1
Project("{FAE04EC0-301F-11D3-BF4B-00C04F79EFBC}") = "CustomStackClass", "CustomStackClass\CustomStackClass.csproj", "{C1B4916F-D3E7-440C-9EBF-8D3B67F2201C}"
EndProject
Global
	GlobalSection(SolutionConfigurationPlatforms) = preSolution
		Debug|Any CPU = Debug|Any CPU
		Release|Any CPU = Release|Any CPU
	EndGlobalSection
	GlobalSection(ProjectConfigurationPlatforms) = postSolution
		{C1B4916F-D3E7-440C-9EBF-8D3B67F2201C}.Debug|Any CPU.ActiveCfg = Debug|Any CPU
		{C1B4916F-D3E7-440C-9EBF-8D3B67F2201C}.Debug|Any CPU.Build.0 = Debug|Any CPU
		{C1B4916F-D3E7-440C-9EBF-8D3B67F2201C}.Release|Any CPU.ActiveCfg = Release|Any CPU
		{C1B4916F-D3E7-440C-9EBF-8D3B67F2201C}.Release|Any CPU.Build.0 = Release|Any CPU
	EndGlobalSection
	GlobalSection(SolutionProperties) = preSolution
		HideSolutionNode = FALSE
	EndGlobalSection
	GlobalSection(ExtensibilityGlobals) = postSolution
		SolutionGuid = {352A75D9-0270-412D-9D58-410386927831}
	EndGlobalSection
EndGlobal
