
Microsoft Visual Studio Solution File, Format Version 12.00
# Visual Studio Version 16
VisualStudioVersion = 16.0.30804.86
MinimumVisualStudioVersion = 10.0.40219.1
Project("{FAE04EC0-301F-11D3-BF4B-00C04F79EFBC}") = "PeriodicTable", "PeriodicTable\PeriodicTable.csproj", "{6CB2B6C1-5E5F-4BD1-9C2D-833ADEB5BCEA}"
EndProject
Global
	GlobalSection(SolutionConfigurationPlatforms) = preSolution
		Debug|Any CPU = Debug|Any CPU
		Release|Any CPU = Release|Any CPU
	EndGlobalSection
	GlobalSection(ProjectConfigurationPlatforms) = postSolution
		{6CB2B6C1-5E5F-4BD1-9C2D-833ADEB5BCEA}.Debug|Any CPU.ActiveCfg = Debug|Any CPU
		{6CB2B6C1-5E5F-4BD1-9C2D-833ADEB5BCEA}.Debug|Any CPU.Build.0 = Debug|Any CPU
		{6CB2B6C1-5E5F-4BD1-9C2D-833ADEB5BCEA}.Release|Any CPU.ActiveCfg = Release|Any CPU
		{6CB2B6C1-5E5F-4BD1-9C2D-833ADEB5BCEA}.Release|Any CPU.Build.0 = Release|Any CPU
	EndGlobalSection
	GlobalSection(SolutionProperties) = preSolution
		HideSolutionNode = FALSE
	EndGlobalSection
	GlobalSection(ExtensibilityGlobals) = postSolution
		SolutionGuid = {33AAB144-1A99-4939-815C-938B97E300B1}
	EndGlobalSection
EndGlobal
