
Microsoft Visual Studio Solution File, Format Version 12.00
# Visual Studio Version 16
VisualStudioVersion = 16.0.30804.86
MinimumVisualStudioVersion = 10.0.40219.1
Project("{FAE04EC0-301F-11D3-BF4B-00C04F79EFBC}") = "ComparingObjects", "ComparingObjects\ComparingObjects.csproj", "{DA888C21-012C-4360-9B1D-D6098C93D254}"
EndProject
Global
	GlobalSection(SolutionConfigurationPlatforms) = preSolution
		Debug|Any CPU = Debug|Any CPU
		Release|Any CPU = Release|Any CPU
	EndGlobalSection
	GlobalSection(ProjectConfigurationPlatforms) = postSolution
		{DA888C21-012C-4360-9B1D-D6098C93D254}.Debug|Any CPU.ActiveCfg = Debug|Any CPU
		{DA888C21-012C-4360-9B1D-D6098C93D254}.Debug|Any CPU.Build.0 = Debug|Any CPU
		{DA888C21-012C-4360-9B1D-D6098C93D254}.Release|Any CPU.ActiveCfg = Release|Any CPU
		{DA888C21-012C-4360-9B1D-D6098C93D254}.Release|Any CPU.Build.0 = Release|Any CPU
	EndGlobalSection
	GlobalSection(SolutionProperties) = preSolution
		HideSolutionNode = FALSE
	EndGlobalSection
	GlobalSection(ExtensibilityGlobals) = postSolution
		SolutionGuid = {459C968F-C1D3-4D01-A6A0-FF1687A52DF5}
	EndGlobalSection
EndGlobal
