
Microsoft Visual Studio Solution File, Format Version 12.00
# Visual Studio Version 16
VisualStudioVersion = 16.0.30804.86
MinimumVisualStudioVersion = 10.0.40219.1
Project("{FAE04EC0-301F-11D3-BF4B-00C04F79EFBC}") = "FashionBotique", "FashionBotique\FashionBotique.csproj", "{61D3D0BA-654B-4E70-97C0-2A53772A3602}"
EndProject
Global
	GlobalSection(SolutionConfigurationPlatforms) = preSolution
		Debug|Any CPU = Debug|Any CPU
		Release|Any CPU = Release|Any CPU
	EndGlobalSection
	GlobalSection(ProjectConfigurationPlatforms) = postSolution
		{61D3D0BA-654B-4E70-97C0-2A53772A3602}.Debug|Any CPU.ActiveCfg = Debug|Any CPU
		{61D3D0BA-654B-4E70-97C0-2A53772A3602}.Debug|Any CPU.Build.0 = Debug|Any CPU
		{61D3D0BA-654B-4E70-97C0-2A53772A3602}.Release|Any CPU.ActiveCfg = Release|Any CPU
		{61D3D0BA-654B-4E70-97C0-2A53772A3602}.Release|Any CPU.Build.0 = Release|Any CPU
	EndGlobalSection
	GlobalSection(SolutionProperties) = preSolution
		HideSolutionNode = FALSE
	EndGlobalSection
	GlobalSection(ExtensibilityGlobals) = postSolution
		SolutionGuid = {969DD0E7-41A1-4C90-89BE-E6468E915634}
	EndGlobalSection
EndGlobal
