
Microsoft Visual Studio Solution File, Format Version 12.00
# Visual Studio Version 16
VisualStudioVersion = 16.0.30804.86
MinimumVisualStudioVersion = 10.0.40219.1
Project("{FAE04EC0-301F-11D3-BF4B-00C04F79EFBC}") = "TruckTour", "TruckTour\TruckTour.csproj", "{A6F64E24-C227-464A-A252-BC9EA6F0A495}"
EndProject
Global
	GlobalSection(SolutionConfigurationPlatforms) = preSolution
		Debug|Any CPU = Debug|Any CPU
		Release|Any CPU = Release|Any CPU
	EndGlobalSection
	GlobalSection(ProjectConfigurationPlatforms) = postSolution
		{A6F64E24-C227-464A-A252-BC9EA6F0A495}.Debug|Any CPU.ActiveCfg = Debug|Any CPU
		{A6F64E24-C227-464A-A252-BC9EA6F0A495}.Debug|Any CPU.Build.0 = Debug|Any CPU
		{A6F64E24-C227-464A-A252-BC9EA6F0A495}.Release|Any CPU.ActiveCfg = Release|Any CPU
		{A6F64E24-C227-464A-A252-BC9EA6F0A495}.Release|Any CPU.Build.0 = Release|Any CPU
	EndGlobalSection
	GlobalSection(SolutionProperties) = preSolution
		HideSolutionNode = FALSE
	EndGlobalSection
	GlobalSection(ExtensibilityGlobals) = postSolution
		SolutionGuid = {DBD7D327-DAE7-4328-9977-182713BCE690}
	EndGlobalSection
EndGlobal
