
Microsoft Visual Studio Solution File, Format Version 12.00
# Visual Studio Version 16
VisualStudioVersion = 16.0.30804.86
MinimumVisualStudioVersion = 10.0.40219.1
Project("{FAE04EC0-301F-11D3-BF4B-00C04F79EFBC}") = "Re-Volt", "Re-Volt\Re-Volt.csproj", "{94AF5EEF-A240-4C8C-ACE6-9D433C317E20}"
EndProject
Global
	GlobalSection(SolutionConfigurationPlatforms) = preSolution
		Debug|Any CPU = Debug|Any CPU
		Release|Any CPU = Release|Any CPU
	EndGlobalSection
	GlobalSection(ProjectConfigurationPlatforms) = postSolution
		{94AF5EEF-A240-4C8C-ACE6-9D433C317E20}.Debug|Any CPU.ActiveCfg = Debug|Any CPU
		{94AF5EEF-A240-4C8C-ACE6-9D433C317E20}.Debug|Any CPU.Build.0 = Debug|Any CPU
		{94AF5EEF-A240-4C8C-ACE6-9D433C317E20}.Release|Any CPU.ActiveCfg = Release|Any CPU
		{94AF5EEF-A240-4C8C-ACE6-9D433C317E20}.Release|Any CPU.Build.0 = Release|Any CPU
	EndGlobalSection
	GlobalSection(SolutionProperties) = preSolution
		HideSolutionNode = FALSE
	EndGlobalSection
	GlobalSection(ExtensibilityGlobals) = postSolution
		SolutionGuid = {D7C53862-2E6E-4C4F-9773-A6FEF1F2363E}
	EndGlobalSection
EndGlobal
